// !$*UTF8*$!
{
	archiveVersion = 1;
	classes = {
	};
	objectVersion = 56;
	objects = {

/* Begin PBXBuildFile section */
		525600C72AE6786E00E122A5 /* UserDefaultHandler.swift in Sources */ = {isa = PBXBuildFile; fileRef = 525600C62AE6786E00E122A5 /* UserDefaultHandler.swift */; };
		525600C92AE6787E00E122A5 /* UserDefault.swift in Sources */ = {isa = PBXBuildFile; fileRef = 525600C82AE6787E00E122A5 /* UserDefault.swift */; };
		525600CC2AE6791700E122A5 /* SnapKit in Frameworks */ = {isa = PBXBuildFile; productRef = 525600CB2AE6791700E122A5 /* SnapKit */; };
		525600CE2AE679EE00E122A5 /* UIColor+Extension.swift in Sources */ = {isa = PBXBuildFile; fileRef = 525600CD2AE679EE00E122A5 /* UIColor+Extension.swift */; };
		525600D02AE67A0600E122A5 /* UIFont+Extension.swift in Sources */ = {isa = PBXBuildFile; fileRef = 525600CF2AE67A0600E122A5 /* UIFont+Extension.swift */; };
		525600D92AEA824600E122A5 /* TextLiteral.swift in Sources */ = {isa = PBXBuildFile; fileRef = 525600D82AEA824600E122A5 /* TextLiteral.swift */; };
		525600DB2AEA89A200E122A5 /* ImageLiteral.swift in Sources */ = {isa = PBXBuildFile; fileRef = 525600DA2AEA89A200E122A5 /* ImageLiteral.swift */; };
		525600DD2AEA8ACC00E122A5 /* BaseViewController.swift in Sources */ = {isa = PBXBuildFile; fileRef = 525600DC2AEA8ACC00E122A5 /* BaseViewController.swift */; };
		525600DF2AEA8DB100E122A5 /* Pretendard-Bold.otf in Resources */ = {isa = PBXBuildFile; fileRef = 525600DE2AEA8DB100E122A5 /* Pretendard-Bold.otf */; };
		525600E42AEA8DBD00E122A5 /* Pretendard-Light.otf in Resources */ = {isa = PBXBuildFile; fileRef = 525600E02AEA8DBD00E122A5 /* Pretendard-Light.otf */; };
		525600E52AEA8DBD00E122A5 /* Pretendard-Regular.otf in Resources */ = {isa = PBXBuildFile; fileRef = 525600E12AEA8DBD00E122A5 /* Pretendard-Regular.otf */; };
		525600E62AEA8DBD00E122A5 /* Pretendard-SemiBold.otf in Resources */ = {isa = PBXBuildFile; fileRef = 525600E22AEA8DBD00E122A5 /* Pretendard-SemiBold.otf */; };
		525600E72AEA8DBD00E122A5 /* Pretendard-Medium.otf in Resources */ = {isa = PBXBuildFile; fileRef = 525600E32AEA8DBD00E122A5 /* Pretendard-Medium.otf */; };
		525600EA2AEA920D00E122A5 /* AnswerTableViewCell.swift in Sources */ = {isa = PBXBuildFile; fileRef = 525600E92AEA920D00E122A5 /* AnswerTableViewCell.swift */; };
		525600EC2AEABDB100E122A5 /* BaseTableViewCell.swift in Sources */ = {isa = PBXBuildFile; fileRef = 525600EB2AEABDB100E122A5 /* BaseTableViewCell.swift */; };
		525600F02AEABE5500E122A5 /* MainButton.swift in Sources */ = {isa = PBXBuildFile; fileRef = 525600EF2AEABE5500E122A5 /* MainButton.swift */; };
		525600F62AEADC1100E122A5 /* BackButton.swift in Sources */ = {isa = PBXBuildFile; fileRef = 525600F52AEADC1100E122A5 /* BackButton.swift */; };
		525600F82AEADCE200E122A5 /* UIButton+Extension.swift in Sources */ = {isa = PBXBuildFile; fileRef = 525600F72AEADCE200E122A5 /* UIButton+Extension.swift */; };
		525600FA2AEADD9300E122A5 /* UIApplication+Extension.swift in Sources */ = {isa = PBXBuildFile; fileRef = 525600F92AEADD9300E122A5 /* UIApplication+Extension.swift */; };
		52E873BE2AE025E100662723 /* AppDelegate.swift in Sources */ = {isa = PBXBuildFile; fileRef = 52E873BD2AE025E100662723 /* AppDelegate.swift */; };
		52E873C02AE025E100662723 /* SceneDelegate.swift in Sources */ = {isa = PBXBuildFile; fileRef = 52E873BF2AE025E100662723 /* SceneDelegate.swift */; };
		52E873C22AE025E100662723 /* QuestionViewController.swift in Sources */ = {isa = PBXBuildFile; fileRef = 52E873C12AE025E100662723 /* QuestionViewController.swift */; };
		52E873C72AE025E200662723 /* Assets.xcassets in Resources */ = {isa = PBXBuildFile; fileRef = 52E873C62AE025E200662723 /* Assets.xcassets */; };
/* End PBXBuildFile section */

/* Begin PBXFileReference section */
		525600C62AE6786E00E122A5 /* UserDefaultHandler.swift */ = {isa = PBXFileReference; lastKnownFileType = sourcecode.swift; path = UserDefaultHandler.swift; sourceTree = "<group>"; };
		525600C82AE6787E00E122A5 /* UserDefault.swift */ = {isa = PBXFileReference; lastKnownFileType = sourcecode.swift; path = UserDefault.swift; sourceTree = "<group>"; };
		525600CD2AE679EE00E122A5 /* UIColor+Extension.swift */ = {isa = PBXFileReference; lastKnownFileType = sourcecode.swift; path = "UIColor+Extension.swift"; sourceTree = "<group>"; };
		525600CF2AE67A0600E122A5 /* UIFont+Extension.swift */ = {isa = PBXFileReference; lastKnownFileType = sourcecode.swift; path = "UIFont+Extension.swift"; sourceTree = "<group>"; };
		525600D82AEA824600E122A5 /* TextLiteral.swift */ = {isa = PBXFileReference; lastKnownFileType = sourcecode.swift; path = TextLiteral.swift; sourceTree = "<group>"; };
		525600DA2AEA89A200E122A5 /* ImageLiteral.swift */ = {isa = PBXFileReference; lastKnownFileType = sourcecode.swift; path = ImageLiteral.swift; sourceTree = "<group>"; };
		525600DC2AEA8ACC00E122A5 /* BaseViewController.swift */ = {isa = PBXFileReference; lastKnownFileType = sourcecode.swift; path = BaseViewController.swift; sourceTree = "<group>"; };
		525600DE2AEA8DB100E122A5 /* Pretendard-Bold.otf */ = {isa = PBXFileReference; lastKnownFileType = file; path = "Pretendard-Bold.otf"; sourceTree = "<group>"; };
		525600E02AEA8DBD00E122A5 /* Pretendard-Light.otf */ = {isa = PBXFileReference; lastKnownFileType = file; path = "Pretendard-Light.otf"; sourceTree = "<group>"; };
		525600E12AEA8DBD00E122A5 /* Pretendard-Regular.otf */ = {isa = PBXFileReference; lastKnownFileType = file; path = "Pretendard-Regular.otf"; sourceTree = "<group>"; };
		525600E22AEA8DBD00E122A5 /* Pretendard-SemiBold.otf */ = {isa = PBXFileReference; lastKnownFileType = file; path = "Pretendard-SemiBold.otf"; sourceTree = "<group>"; };
		525600E32AEA8DBD00E122A5 /* Pretendard-Medium.otf */ = {isa = PBXFileReference; lastKnownFileType = file; path = "Pretendard-Medium.otf"; sourceTree = "<group>"; };
		525600E92AEA920D00E122A5 /* AnswerTableViewCell.swift */ = {isa = PBXFileReference; lastKnownFileType = sourcecode.swift; path = AnswerTableViewCell.swift; sourceTree = "<group>"; };
		525600EB2AEABDB100E122A5 /* BaseTableViewCell.swift */ = {isa = PBXFileReference; lastKnownFileType = sourcecode.swift; path = BaseTableViewCell.swift; sourceTree = "<group>"; };
		525600EF2AEABE5500E122A5 /* MainButton.swift */ = {isa = PBXFileReference; lastKnownFileType = sourcecode.swift; path = MainButton.swift; sourceTree = "<group>"; };
		525600F52AEADC1100E122A5 /* BackButton.swift */ = {isa = PBXFileReference; lastKnownFileType = sourcecode.swift; path = BackButton.swift; sourceTree = "<group>"; };
		525600F72AEADCE200E122A5 /* UIButton+Extension.swift */ = {isa = PBXFileReference; lastKnownFileType = sourcecode.swift; path = "UIButton+Extension.swift"; sourceTree = "<group>"; };
		525600F92AEADD9300E122A5 /* UIApplication+Extension.swift */ = {isa = PBXFileReference; lastKnownFileType = sourcecode.swift; path = "UIApplication+Extension.swift"; sourceTree = "<group>"; };
		52E873BA2AE025E100662723 /* Contents-Convergence-Graduate-Project.app */ = {isa = PBXFileReference; explicitFileType = wrapper.application; includeInIndex = 0; path = "Contents-Convergence-Graduate-Project.app"; sourceTree = BUILT_PRODUCTS_DIR; };
		52E873BD2AE025E100662723 /* AppDelegate.swift */ = {isa = PBXFileReference; lastKnownFileType = sourcecode.swift; path = AppDelegate.swift; sourceTree = "<group>"; };
		52E873BF2AE025E100662723 /* SceneDelegate.swift */ = {isa = PBXFileReference; lastKnownFileType = sourcecode.swift; path = SceneDelegate.swift; sourceTree = "<group>"; };
		52E873C12AE025E100662723 /* QuestionViewController.swift */ = {isa = PBXFileReference; lastKnownFileType = sourcecode.swift; path = QuestionViewController.swift; sourceTree = "<group>"; };
		52E873C62AE025E200662723 /* Assets.xcassets */ = {isa = PBXFileReference; lastKnownFileType = folder.assetcatalog; path = Assets.xcassets; sourceTree = "<group>"; };
		52E873CB2AE025E200662723 /* Info.plist */ = {isa = PBXFileReference; lastKnownFileType = text.plist.xml; path = Info.plist; sourceTree = "<group>"; };
/* End PBXFileReference section */

/* Begin PBXFrameworksBuildPhase section */
		52E873B72AE025E100662723 /* Frameworks */ = {
			isa = PBXFrameworksBuildPhase;
			buildActionMask = 2147483647;
			files = (
				525600CC2AE6791700E122A5 /* SnapKit in Frameworks */,
			);
			runOnlyForDeploymentPostprocessing = 0;
		};
/* End PBXFrameworksBuildPhase section */

/* Begin PBXGroup section */
		525600C52AE6785B00E122A5 /* Util */ = {
			isa = PBXGroup;
			children = (
				525600C62AE6786E00E122A5 /* UserDefaultHandler.swift */,
				525600C82AE6787E00E122A5 /* UserDefault.swift */,
			);
			path = Util;
			sourceTree = "<group>";
		};
		525600D12AE67AC000E122A5 /* Fonts */ = {
			isa = PBXGroup;
			children = (
				525600E02AEA8DBD00E122A5 /* Pretendard-Light.otf */,
				525600E32AEA8DBD00E122A5 /* Pretendard-Medium.otf */,
				525600E12AEA8DBD00E122A5 /* Pretendard-Regular.otf */,
				525600E22AEA8DBD00E122A5 /* Pretendard-SemiBold.otf */,
				525600DE2AEA8DB100E122A5 /* Pretendard-Bold.otf */,
			);
			path = Fonts;
			sourceTree = "<group>";
		};
		525600D72AEA822100E122A5 /* Onboarding */ = {
			isa = PBXGroup;
			children = (
				525600E82AEA91F400E122A5 /* Question */,
			);
			path = Onboarding;
			sourceTree = "<group>";
		};
		525600E82AEA91F400E122A5 /* Question */ = {
			isa = PBXGroup;
			children = (
				52E873C12AE025E100662723 /* QuestionViewController.swift */,
				525600E92AEA920D00E122A5 /* AnswerTableViewCell.swift */,
			);
			path = Question;
			sourceTree = "<group>";
		};
		525600ED2AEABE4200E122A5 /* UIComponent */ = {
			isa = PBXGroup;
			children = (
				525600F42AEADC0800E122A5 /* BackButton */,
				525600EE2AEABE4C00E122A5 /* MainButton */,
			);
			path = UIComponent;
			sourceTree = "<group>";
		};
		525600EE2AEABE4C00E122A5 /* MainButton */ = {
			isa = PBXGroup;
			children = (
				525600EF2AEABE5500E122A5 /* MainButton.swift */,
			);
			path = MainButton;
			sourceTree = "<group>";
		};
		525600F42AEADC0800E122A5 /* BackButton */ = {
			isa = PBXGroup;
			children = (
				525600F52AEADC1100E122A5 /* BackButton.swift */,
			);
			path = BackButton;
			sourceTree = "<group>";
		};
		52E873B12AE025E100662723 = {
			isa = PBXGroup;
			children = (
				52E873BC2AE025E100662723 /* Contents-Convergence-Graduate-Project */,
				52E873BB2AE025E100662723 /* Products */,
			);
			sourceTree = "<group>";
		};
		52E873BB2AE025E100662723 /* Products */ = {
			isa = PBXGroup;
			children = (
				52E873BA2AE025E100662723 /* Contents-Convergence-Graduate-Project.app */,
			);
			name = Products;
			sourceTree = "<group>";
		};
		52E873BC2AE025E100662723 /* Contents-Convergence-Graduate-Project */ = {
			isa = PBXGroup;
			children = (
				52E873D32AE026EB00662723 /* Network */,
				52E873D22AE026E600662723 /* Global */,
				52E873D12AE026CC00662723 /* Screens */,
			);
			path = "Contents-Convergence-Graduate-Project";
			sourceTree = "<group>";
		};
		52E873D12AE026CC00662723 /* Screens */ = {
			isa = PBXGroup;
			children = (
				525600D72AEA822100E122A5 /* Onboarding */,
			);
			path = Screens;
			sourceTree = "<group>";
		};
		52E873D22AE026E600662723 /* Global */ = {
			isa = PBXGroup;
			children = (
				525600ED2AEABE4200E122A5 /* UIComponent */,
				525600C52AE6785B00E122A5 /* Util */,
				52E873D92AE027AB00662723 /* Resource */,
				52E873D72AE0272200662723 /* Support */,
				52E873D62AE0271D00662723 /* Literal */,
				52E873D52AE0270B00662723 /* Extension */,
				52E873D42AE026F600662723 /* Base */,
			);
			path = Global;
			sourceTree = "<group>";
		};
		52E873D32AE026EB00662723 /* Network */ = {
			isa = PBXGroup;
			children = (
			);
			path = Network;
			sourceTree = "<group>";
		};
		52E873D42AE026F600662723 /* Base */ = {
			isa = PBXGroup;
			children = (
				525600DC2AEA8ACC00E122A5 /* BaseViewController.swift */,
				525600EB2AEABDB100E122A5 /* BaseTableViewCell.swift */,
			);
			path = Base;
			sourceTree = "<group>";
		};
		52E873D52AE0270B00662723 /* Extension */ = {
			isa = PBXGroup;
			children = (
				525600CD2AE679EE00E122A5 /* UIColor+Extension.swift */,
				525600CF2AE67A0600E122A5 /* UIFont+Extension.swift */,
				525600F72AEADCE200E122A5 /* UIButton+Extension.swift */,
				525600F92AEADD9300E122A5 /* UIApplication+Extension.swift */,
			);
			path = Extension;
			sourceTree = "<group>";
		};
		52E873D62AE0271D00662723 /* Literal */ = {
			isa = PBXGroup;
			children = (
				525600D82AEA824600E122A5 /* TextLiteral.swift */,
				525600DA2AEA89A200E122A5 /* ImageLiteral.swift */,
			);
			path = Literal;
			sourceTree = "<group>";
		};
		52E873D72AE0272200662723 /* Support */ = {
			isa = PBXGroup;
			children = (
				52E873CB2AE025E200662723 /* Info.plist */,
				52E873BD2AE025E100662723 /* AppDelegate.swift */,
				52E873BF2AE025E100662723 /* SceneDelegate.swift */,
			);
			path = Support;
			sourceTree = "<group>";
		};
		52E873D92AE027AB00662723 /* Resource */ = {
			isa = PBXGroup;
			children = (
				525600D12AE67AC000E122A5 /* Fonts */,
				52E873C62AE025E200662723 /* Assets.xcassets */,
			);
			path = Resource;
			sourceTree = "<group>";
		};
/* End PBXGroup section */

/* Begin PBXNativeTarget section */
		52E873B92AE025E100662723 /* Contents-Convergence-Graduate-Project */ = {
			isa = PBXNativeTarget;
			buildConfigurationList = 52E873CE2AE025E200662723 /* Build configuration list for PBXNativeTarget "Contents-Convergence-Graduate-Project" */;
			buildPhases = (
				52E873B62AE025E100662723 /* Sources */,
				52E873B72AE025E100662723 /* Frameworks */,
				52E873B82AE025E100662723 /* Resources */,
			);
			buildRules = (
			);
			dependencies = (
			);
			name = "Contents-Convergence-Graduate-Project";
			packageProductDependencies = (
				525600CB2AE6791700E122A5 /* SnapKit */,
			);
			productName = "Contents-Convergence-Graduate-Project";
			productReference = 52E873BA2AE025E100662723 /* Contents-Convergence-Graduate-Project.app */;
			productType = "com.apple.product-type.application";
		};
/* End PBXNativeTarget section */

/* Begin PBXProject section */
		52E873B22AE025E100662723 /* Project object */ = {
			isa = PBXProject;
			attributes = {
				BuildIndependentTargetsInParallel = 1;
				LastSwiftUpdateCheck = 1400;
				LastUpgradeCheck = 1400;
				TargetAttributes = {
					52E873B92AE025E100662723 = {
						CreatedOnToolsVersion = 14.0.1;
					};
				};
			};
			buildConfigurationList = 52E873B52AE025E100662723 /* Build configuration list for PBXProject "Contents-Convergence-Graduate-Project" */;
			compatibilityVersion = "Xcode 14.0";
			developmentRegion = en;
			hasScannedForEncodings = 0;
			knownRegions = (
				en,
				Base,
			);
			mainGroup = 52E873B12AE025E100662723;
			packageReferences = (
				525600CA2AE6791700E122A5 /* XCRemoteSwiftPackageReference "SnapKit" */,
			);
			productRefGroup = 52E873BB2AE025E100662723 /* Products */;
			projectDirPath = "";
			projectRoot = "";
			targets = (
				52E873B92AE025E100662723 /* Contents-Convergence-Graduate-Project */,
			);
		};
/* End PBXProject section */

/* Begin PBXResourcesBuildPhase section */
		52E873B82AE025E100662723 /* Resources */ = {
			isa = PBXResourcesBuildPhase;
			buildActionMask = 2147483647;
			files = (
				52E873C72AE025E200662723 /* Assets.xcassets in Resources */,
				525600E52AEA8DBD00E122A5 /* Pretendard-Regular.otf in Resources */,
				525600E62AEA8DBD00E122A5 /* Pretendard-SemiBold.otf in Resources */,
				525600DF2AEA8DB100E122A5 /* Pretendard-Bold.otf in Resources */,
				525600E42AEA8DBD00E122A5 /* Pretendard-Light.otf in Resources */,
				525600E72AEA8DBD00E122A5 /* Pretendard-Medium.otf in Resources */,
			);
			runOnlyForDeploymentPostprocessing = 0;
		};
/* End PBXResourcesBuildPhase section */

/* Begin PBXSourcesBuildPhase section */
		52E873B62AE025E100662723 /* Sources */ = {
			isa = PBXSourcesBuildPhase;
			buildActionMask = 2147483647;
			files = (
				525600D02AE67A0600E122A5 /* UIFont+Extension.swift in Sources */,
				52E873C22AE025E100662723 /* QuestionViewController.swift in Sources */,
				525600FA2AEADD9300E122A5 /* UIApplication+Extension.swift in Sources */,
				525600C72AE6786E00E122A5 /* UserDefaultHandler.swift in Sources */,
				525600C92AE6787E00E122A5 /* UserDefault.swift in Sources */,
				525600EC2AEABDB100E122A5 /* BaseTableViewCell.swift in Sources */,
				525600DB2AEA89A200E122A5 /* ImageLiteral.swift in Sources */,
				525600DD2AEA8ACC00E122A5 /* BaseViewController.swift in Sources */,
				525600CE2AE679EE00E122A5 /* UIColor+Extension.swift in Sources */,
				525600F82AEADCE200E122A5 /* UIButton+Extension.swift in Sources */,
				52E873BE2AE025E100662723 /* AppDelegate.swift in Sources */,
				525600D92AEA824600E122A5 /* TextLiteral.swift in Sources */,
				525600EA2AEA920D00E122A5 /* AnswerTableViewCell.swift in Sources */,
				525600F02AEABE5500E122A5 /* MainButton.swift in Sources */,
				525600F62AEADC1100E122A5 /* BackButton.swift in Sources */,
				52E873C02AE025E100662723 /* SceneDelegate.swift in Sources */,
			);
			runOnlyForDeploymentPostprocessing = 0;
		};
/* End PBXSourcesBuildPhase section */

/* Begin XCBuildConfiguration section */
		52E873CC2AE025E200662723 /* Debug */ = {
			isa = XCBuildConfiguration;
			buildSettings = {
				ALWAYS_SEARCH_USER_PATHS = NO;
				CLANG_ANALYZER_NONNULL = YES;
				CLANG_ANALYZER_NUMBER_OBJECT_CONVERSION = YES_AGGRESSIVE;
				CLANG_CXX_LANGUAGE_STANDARD = "gnu++20";
				CLANG_ENABLE_MODULES = YES;
				CLANG_ENABLE_OBJC_ARC = YES;
				CLANG_ENABLE_OBJC_WEAK = YES;
				CLANG_WARN_BLOCK_CAPTURE_AUTORELEASING = YES;
				CLANG_WARN_BOOL_CONVERSION = YES;
				CLANG_WARN_COMMA = YES;
				CLANG_WARN_CONSTANT_CONVERSION = YES;
				CLANG_WARN_DEPRECATED_OBJC_IMPLEMENTATIONS = YES;
				CLANG_WARN_DIRECT_OBJC_ISA_USAGE = YES_ERROR;
				CLANG_WARN_DOCUMENTATION_COMMENTS = YES;
				CLANG_WARN_EMPTY_BODY = YES;
				CLANG_WARN_ENUM_CONVERSION = YES;
				CLANG_WARN_INFINITE_RECURSION = YES;
				CLANG_WARN_INT_CONVERSION = YES;
				CLANG_WARN_NON_LITERAL_NULL_CONVERSION = YES;
				CLANG_WARN_OBJC_IMPLICIT_RETAIN_SELF = YES;
				CLANG_WARN_OBJC_LITERAL_CONVERSION = YES;
				CLANG_WARN_OBJC_ROOT_CLASS = YES_ERROR;
				CLANG_WARN_QUOTED_INCLUDE_IN_FRAMEWORK_HEADER = YES;
				CLANG_WARN_RANGE_LOOP_ANALYSIS = YES;
				CLANG_WARN_STRICT_PROTOTYPES = YES;
				CLANG_WARN_SUSPICIOUS_MOVE = YES;
				CLANG_WARN_UNGUARDED_AVAILABILITY = YES_AGGRESSIVE;
				CLANG_WARN_UNREACHABLE_CODE = YES;
				CLANG_WARN__DUPLICATE_METHOD_MATCH = YES;
				COPY_PHASE_STRIP = NO;
				DEBUG_INFORMATION_FORMAT = dwarf;
				ENABLE_STRICT_OBJC_MSGSEND = YES;
				ENABLE_TESTABILITY = YES;
				GCC_C_LANGUAGE_STANDARD = gnu11;
				GCC_DYNAMIC_NO_PIC = NO;
				GCC_NO_COMMON_BLOCKS = YES;
				GCC_OPTIMIZATION_LEVEL = 0;
				GCC_PREPROCESSOR_DEFINITIONS = (
					"DEBUG=1",
					"$(inherited)",
				);
				GCC_WARN_64_TO_32_BIT_CONVERSION = YES;
				GCC_WARN_ABOUT_RETURN_TYPE = YES_ERROR;
				GCC_WARN_UNDECLARED_SELECTOR = YES;
				GCC_WARN_UNINITIALIZED_AUTOS = YES_AGGRESSIVE;
				GCC_WARN_UNUSED_FUNCTION = YES;
				GCC_WARN_UNUSED_VARIABLE = YES;
				IPHONEOS_DEPLOYMENT_TARGET = 16.0;
				MTL_ENABLE_DEBUG_INFO = INCLUDE_SOURCE;
				MTL_FAST_MATH = YES;
				ONLY_ACTIVE_ARCH = YES;
				SDKROOT = iphoneos;
				SWIFT_ACTIVE_COMPILATION_CONDITIONS = DEBUG;
				SWIFT_OPTIMIZATION_LEVEL = "-Onone";
			};
			name = Debug;
		};
		52E873CD2AE025E200662723 /* Release */ = {
			isa = XCBuildConfiguration;
			buildSettings = {
				ALWAYS_SEARCH_USER_PATHS = NO;
				CLANG_ANALYZER_NONNULL = YES;
				CLANG_ANALYZER_NUMBER_OBJECT_CONVERSION = YES_AGGRESSIVE;
				CLANG_CXX_LANGUAGE_STANDARD = "gnu++20";
				CLANG_ENABLE_MODULES = YES;
				CLANG_ENABLE_OBJC_ARC = YES;
				CLANG_ENABLE_OBJC_WEAK = YES;
				CLANG_WARN_BLOCK_CAPTURE_AUTORELEASING = YES;
				CLANG_WARN_BOOL_CONVERSION = YES;
				CLANG_WARN_COMMA = YES;
				CLANG_WARN_CONSTANT_CONVERSION = YES;
				CLANG_WARN_DEPRECATED_OBJC_IMPLEMENTATIONS = YES;
				CLANG_WARN_DIRECT_OBJC_ISA_USAGE = YES_ERROR;
				CLANG_WARN_DOCUMENTATION_COMMENTS = YES;
				CLANG_WARN_EMPTY_BODY = YES;
				CLANG_WARN_ENUM_CONVERSION = YES;
				CLANG_WARN_INFINITE_RECURSION = YES;
				CLANG_WARN_INT_CONVERSION = YES;
				CLANG_WARN_NON_LITERAL_NULL_CONVERSION = YES;
				CLANG_WARN_OBJC_IMPLICIT_RETAIN_SELF = YES;
				CLANG_WARN_OBJC_LITERAL_CONVERSION = YES;
				CLANG_WARN_OBJC_ROOT_CLASS = YES_ERROR;
				CLANG_WARN_QUOTED_INCLUDE_IN_FRAMEWORK_HEADER = YES;
				CLANG_WARN_RANGE_LOOP_ANALYSIS = YES;
				CLANG_WARN_STRICT_PROTOTYPES = YES;
				CLANG_WARN_SUSPICIOUS_MOVE = YES;
				CLANG_WARN_UNGUARDED_AVAILABILITY = YES_AGGRESSIVE;
				CLANG_WARN_UNREACHABLE_CODE = YES;
				CLANG_WARN__DUPLICATE_METHOD_MATCH = YES;
				COPY_PHASE_STRIP = NO;
				DEBUG_INFORMATION_FORMAT = "dwarf-with-dsym";
				ENABLE_NS_ASSERTIONS = NO;
				ENABLE_STRICT_OBJC_MSGSEND = YES;
				GCC_C_LANGUAGE_STANDARD = gnu11;
				GCC_NO_COMMON_BLOCKS = YES;
				GCC_WARN_64_TO_32_BIT_CONVERSION = YES;
				GCC_WARN_ABOUT_RETURN_TYPE = YES_ERROR;
				GCC_WARN_UNDECLARED_SELECTOR = YES;
				GCC_WARN_UNINITIALIZED_AUTOS = YES_AGGRESSIVE;
				GCC_WARN_UNUSED_FUNCTION = YES;
				GCC_WARN_UNUSED_VARIABLE = YES;
				IPHONEOS_DEPLOYMENT_TARGET = 16.0;
				MTL_ENABLE_DEBUG_INFO = NO;
				MTL_FAST_MATH = YES;
				SDKROOT = iphoneos;
				SWIFT_COMPILATION_MODE = wholemodule;
				SWIFT_OPTIMIZATION_LEVEL = "-O";
				VALIDATE_PRODUCT = YES;
			};
			name = Release;
		};
		52E873CF2AE025E200662723 /* Debug */ = {
			isa = XCBuildConfiguration;
			buildSettings = {
				ASSETCATALOG_COMPILER_APPICON_NAME = AppIcon;
				ASSETCATALOG_COMPILER_GLOBAL_ACCENT_COLOR_NAME = AccentColor;
				CODE_SIGN_STYLE = Automatic;
				CURRENT_PROJECT_VERSION = 1;
				DEVELOPMENT_TEAM = 7PQ6FMV22H;
				GENERATE_INFOPLIST_FILE = YES;
				INFOPLIST_FILE = "Contents-Convergence-Graduate-Project/Global/Support/Info.plist";
				INFOPLIST_KEY_LSApplicationCategoryType = "public.app-category.lifestyle";
				INFOPLIST_KEY_UIApplicationSupportsIndirectInputEvents = YES;
				INFOPLIST_KEY_UILaunchStoryboardName = LaunchScreen;
				INFOPLIST_KEY_UIMainStoryboardFile = "";
				INFOPLIST_KEY_UISupportedInterfaceOrientations_iPad = "UIInterfaceOrientationPortrait UIInterfaceOrientationPortraitUpsideDown UIInterfaceOrientationLandscapeLeft UIInterfaceOrientationLandscapeRight";
				INFOPLIST_KEY_UISupportedInterfaceOrientations_iPhone = "UIInterfaceOrientationPortrait UIInterfaceOrientationLandscapeLeft UIInterfaceOrientationLandscapeRight";
				IPHONEOS_DEPLOYMENT_TARGET = 15.5;
				LD_RUNPATH_SEARCH_PATHS = (
					"$(inherited)",
					"@executable_path/Frameworks",
				);
				MARKETING_VERSION = 1.0;
				PRODUCT_BUNDLE_IDENTIFIER = "guel.Contents-Convergence-Graduate-Project";
				PRODUCT_NAME = "$(TARGET_NAME)";
				SWIFT_EMIT_LOC_STRINGS = YES;
				SWIFT_VERSION = 5.0;
				TARGETED_DEVICE_FAMILY = "1,2";
			};
			name = Debug;
		};
		52E873D02AE025E200662723 /* Release */ = {
			isa = XCBuildConfiguration;
			buildSettings = {
				ASSETCATALOG_COMPILER_APPICON_NAME = AppIcon;
				ASSETCATALOG_COMPILER_GLOBAL_ACCENT_COLOR_NAME = AccentColor;
				CODE_SIGN_STYLE = Automatic;
				CURRENT_PROJECT_VERSION = 1;
				DEVELOPMENT_TEAM = 7PQ6FMV22H;
				GENERATE_INFOPLIST_FILE = YES;
				INFOPLIST_FILE = "Contents-Convergence-Graduate-Project/Global/Support/Info.plist";
				INFOPLIST_KEY_LSApplicationCategoryType = "public.app-category.lifestyle";
				INFOPLIST_KEY_UIApplicationSupportsIndirectInputEvents = YES;
				INFOPLIST_KEY_UILaunchStoryboardName = LaunchScreen;
				INFOPLIST_KEY_UIMainStoryboardFile = "";
				INFOPLIST_KEY_UISupportedInterfaceOrientations_iPad = "UIInterfaceOrientationPortrait UIInterfaceOrientationPortraitUpsideDown UIInterfaceOrientationLandscapeLeft UIInterfaceOrientationLandscapeRight";
				INFOPLIST_KEY_UISupportedInterfaceOrientations_iPhone = "UIInterfaceOrientationPortrait UIInterfaceOrientationLandscapeLeft UIInterfaceOrientationLandscapeRight";
				IPHONEOS_DEPLOYMENT_TARGET = 15.5;
				LD_RUNPATH_SEARCH_PATHS = (
					"$(inherited)",
					"@executable_path/Frameworks",
				);
				MARKETING_VERSION = 1.0;
				PRODUCT_BUNDLE_IDENTIFIER = "guel.Contents-Convergence-Graduate-Project";
				PRODUCT_NAME = "$(TARGET_NAME)";
				SWIFT_EMIT_LOC_STRINGS = YES;
				SWIFT_VERSION = 5.0;
				TARGETED_DEVICE_FAMILY = "1,2";
			};
			name = Release;
		};
/* End XCBuildConfiguration section */

/* Begin XCConfigurationList section */
		52E873B52AE025E100662723 /* Build configuration list for PBXProject "Contents-Convergence-Graduate-Project" */ = {
			isa = XCConfigurationList;
			buildConfigurations = (
				52E873CC2AE025E200662723 /* Debug */,
				52E873CD2AE025E200662723 /* Release */,
			);
			defaultConfigurationIsVisible = 0;
			defaultConfigurationName = Release;
		};
		52E873CE2AE025E200662723 /* Build configuration list for PBXNativeTarget "Contents-Convergence-Graduate-Project" */ = {
			isa = XCConfigurationList;
			buildConfigurations = (
				52E873CF2AE025E200662723 /* Debug */,
				52E873D02AE025E200662723 /* Release */,
			);
			defaultConfigurationIsVisible = 0;
			defaultConfigurationName = Release;
		};
/* End XCConfigurationList section */

/* Begin XCRemoteSwiftPackageReference section */
		525600CA2AE6791700E122A5 /* XCRemoteSwiftPackageReference "SnapKit" */ = {
			isa = XCRemoteSwiftPackageReference;
			repositoryURL = "https://github.com/SnapKit/SnapKit";
			requirement = {
				kind = upToNextMajorVersion;
				minimumVersion = 5.0.0;
			};
		};
/* End XCRemoteSwiftPackageReference section */

/* Begin XCSwiftPackageProductDependency section */
		525600CB2AE6791700E122A5 /* SnapKit */ = {
			isa = XCSwiftPackageProductDependency;
			package = 525600CA2AE6791700E122A5 /* XCRemoteSwiftPackageReference "SnapKit" */;
			productName = SnapKit;
		};
/* End XCSwiftPackageProductDependency section */
	};
	rootObject = 52E873B22AE025E100662723 /* Project object */;
}
